
Microsoft Visual Studio Solution File, Format Version 12.00
# Visual Studio Version 16
VisualStudioVersion = 16.0.29123.88
MinimumVisualStudioVersion = 10.0.40219.1
Project("{FAE04EC0-301F-11D3-BF4B-00C04F79EFBC}") = "Lockec.Android", "Lockec\Lockec.Android\Lockec.Android.csproj", "{00EB6055-9EDE-49CC-A495-BCEFAED0235A}"
EndProject
Project("{FAE04EC0-301F-11D3-BF4B-00C04F79EFBC}") = "Lockec.iOS", "Lockec\Lockec.iOS\Lockec.iOS.csproj", "{41D7119B-B2D5-4697-8FA4-9B28A4B1BD37}"
EndProject
Project("{FAE04EC0-301F-11D3-BF4B-00C04F79EFBC}") = "Lockec", "Lockec\Lockec\Lockec.csproj", "{A6534E46-4642-4903-B889-C1276A6984A2}"
EndProject
Global
	GlobalSection(SolutionConfigurationPlatforms) = preSolution
		Debug|Any CPU = Debug|Any CPU
		Debug|iPhone = Debug|iPhone
		Debug|iPhoneSimulator = Debug|iPhoneSimulator
		Release|Any CPU = Release|Any CPU
		Release|iPhone = Release|iPhone
		Release|iPhoneSimulator = Release|iPhoneSimulator
	EndGlobalSection
	GlobalSection(ProjectConfigurationPlatforms) = postSolution
		{00EB6055-9EDE-49CC-A495-BCEFAED0235A}.Debug|Any CPU.ActiveCfg = Debug|Any CPU
		{00EB6055-9EDE-49CC-A495-BCEFAED0235A}.Debug|Any CPU.Build.0 = Debug|Any CPU
		{00EB6055-9EDE-49CC-A495-BCEFAED0235A}.Debug|Any CPU.Deploy.0 = Debug|Any CPU
		{00EB6055-9EDE-49CC-A495-BCEFAED0235A}.Debug|iPhone.ActiveCfg = Debug|Any CPU
		{00EB6055-9EDE-49CC-A495-BCEFAED0235A}.Debug|iPhone.Build.0 = Debug|Any CPU
		{00EB6055-9EDE-49CC-A495-BCEFAED0235A}.Debug|iPhone.Deploy.0 = Debug|Any CPU
		{00EB6055-9EDE-49CC-A495-BCEFAED0235A}.Debug|iPhoneSimulator.ActiveCfg = Debug|Any CPU
		{00EB6055-9EDE-49CC-A495-BCEFAED0235A}.Debug|iPhoneSimulator.Build.0 = Debug|Any CPU
		{00EB6055-9EDE-49CC-A495-BCEFAED0235A}.Debug|iPhoneSimulator.Deploy.0 = Debug|Any CPU
		{00EB6055-9EDE-49CC-A495-BCEFAED0235A}.Release|Any CPU.ActiveCfg = Release|Any CPU
		{00EB6055-9EDE-49CC-A495-BCEFAED0235A}.Release|Any CPU.Build.0 = Release|Any CPU
		{00EB6055-9EDE-49CC-A495-BCEFAED0235A}.Release|Any CPU.Deploy.0 = Release|Any CPU
		{00EB6055-9EDE-49CC-A495-BCEFAED0235A}.Release|iPhone.ActiveCfg = Release|Any CPU
		{00EB6055-9EDE-49CC-A495-BCEFAED0235A}.Release|iPhone.Build.0 = Release|Any CPU
		{00EB6055-9EDE-49CC-A495-BCEFAED0235A}.Release|iPhone.Deploy.0 = Release|Any CPU
		{00EB6055-9EDE-49CC-A495-BCEFAED0235A}.Release|iPhoneSimulator.ActiveCfg = Release|Any CPU
		{00EB6055-9EDE-49CC-A495-BCEFAED0235A}.Release|iPhoneSimulator.Build.0 = Release|Any CPU
		{00EB6055-9EDE-49CC-A495-BCEFAED0235A}.Release|iPhoneSimulator.Deploy.0 = Release|Any CPU
		{41D7119B-B2D5-4697-8FA4-9B28A4B1BD37}.Debug|Any CPU.ActiveCfg = Debug|iPhoneSimulator
		{41D7119B-B2D5-4697-8FA4-9B28A4B1BD37}.Debug|Any CPU.Build.0 = Debug|iPhoneSimulator
		{41D7119B-B2D5-4697-8FA4-9B28A4B1BD37}.Debug|Any CPU.Deploy.0 = Debug|iPhoneSimulator
		{41D7119B-B2D5-4697-8FA4-9B28A4B1BD37}.Debug|iPhone.ActiveCfg = Debug|iPhone
		{41D7119B-B2D5-4697-8FA4-9B28A4B1BD37}.Debug|iPhone.Build.0 = Debug|iPhone
		{41D7119B-B2D5-4697-8FA4-9B28A4B1BD37}.Debug|iPhone.Deploy.0 = Debug|iPhone
		{41D7119B-B2D5-4697-8FA4-9B28A4B1BD37}.Debug|iPhoneSimulator.ActiveCfg = Debug|iPhoneSimulator
		{41D7119B-B2D5-4697-8FA4-9B28A4B1BD37}.Debug|iPhoneSimulator.Build.0 = Debug|iPhoneSimulator
		{41D7119B-B2D5-4697-8FA4-9B28A4B1BD37}.Debug|iPhoneSimulator.Deploy.0 = Debug|iPhoneSimulator
		{41D7119B-B2D5-4697-8FA4-9B28A4B1BD37}.Release|Any CPU.ActiveCfg = Release|iPhone
		{41D7119B-B2D5-4697-8FA4-9B28A4B1BD37}.Release|Any CPU.Build.0 = Release|iPhone
		{41D7119B-B2D5-4697-8FA4-9B28A4B1BD37}.Release|Any CPU.Deploy.0 = Release|iPhone
		{41D7119B-B2D5-4697-8FA4-9B28A4B1BD37}.Release|iPhone.ActiveCfg = Release|iPhone
		{41D7119B-B2D5-4697-8FA4-9B28A4B1BD37}.Release|iPhone.Build.0 = Release|iPhone
		{41D7119B-B2D5-4697-8FA4-9B28A4B1BD37}.Release|iPhone.Deploy.0 = Release|iPhone
		{41D7119B-B2D5-4697-8FA4-9B28A4B1BD37}.Release|iPhoneSimulator.ActiveCfg = Release|iPhoneSimulator
		{41D7119B-B2D5-4697-8FA4-9B28A4B1BD37}.Release|iPhoneSimulator.Build.0 = Release|iPhoneSimulator
		{41D7119B-B2D5-4697-8FA4-9B28A4B1BD37}.Release|iPhoneSimulator.Deploy.0 = Release|iPhoneSimulator
		{A6534E46-4642-4903-B889-C1276A6984A2}.Debug|Any CPU.ActiveCfg = Debug|Any CPU
		{A6534E46-4642-4903-B889-C1276A6984A2}.Debug|Any CPU.Build.0 = Debug|Any CPU
		{A6534E46-4642-4903-B889-C1276A6984A2}.Debug|Any CPU.Deploy.0 = Debug|Any CPU
		{A6534E46-4642-4903-B889-C1276A6984A2}.Debug|iPhone.ActiveCfg = Debug|Any CPU
		{A6534E46-4642-4903-B889-C1276A6984A2}.Debug|iPhone.Build.0 = Debug|Any CPU
		{A6534E46-4642-4903-B889-C1276A6984A2}.Debug|iPhone.Deploy.0 = Debug|Any CPU
		{A6534E46-4642-4903-B889-C1276A6984A2}.Debug|iPhoneSimulator.ActiveCfg = Debug|Any CPU
		{A6534E46-4642-4903-B889-C1276A6984A2}.Debug|iPhoneSimulator.Build.0 = Debug|Any CPU
		{A6534E46-4642-4903-B889-C1276A6984A2}.Debug|iPhoneSimulator.Deploy.0 = Debug|Any CPU
		{A6534E46-4642-4903-B889-C1276A6984A2}.Release|Any CPU.ActiveCfg = Release|Any CPU
		{A6534E46-4642-4903-B889-C1276A6984A2}.Release|Any CPU.Build.0 = Release|Any CPU
		{A6534E46-4642-4903-B889-C1276A6984A2}.Release|Any CPU.Deploy.0 = Release|Any CPU
		{A6534E46-4642-4903-B889-C1276A6984A2}.Release|iPhone.ActiveCfg = Release|Any CPU
		{A6534E46-4642-4903-B889-C1276A6984A2}.Release|iPhone.Build.0 = Release|Any CPU
		{A6534E46-4642-4903-B889-C1276A6984A2}.Release|iPhone.Deploy.0 = Release|Any CPU
		{A6534E46-4642-4903-B889-C1276A6984A2}.Release|iPhoneSimulator.ActiveCfg = Release|Any CPU
		{A6534E46-4642-4903-B889-C1276A6984A2}.Release|iPhoneSimulator.Build.0 = Release|Any CPU
		{A6534E46-4642-4903-B889-C1276A6984A2}.Release|iPhoneSimulator.Deploy.0 = Release|Any CPU
	EndGlobalSection
	GlobalSection(SolutionProperties) = preSolution
		HideSolutionNode = FALSE
	EndGlobalSection
	GlobalSection(ExtensibilityGlobals) = postSolution
		SolutionGuid = {F2D0A2BD-9E4B-465C-BD9D-67111ADE401D}
	EndGlobalSection
EndGlobal
